Microsoft Visual Studio Solution File, Format Version 12.00
# Visual Studio 2013
VisualStudioVersion = 12.0.31101.0
MinimumVisualStudioVersion = 10.0.40219.1
Project("{FAE04EC0-301F-11D3-BF4B-00C04F79EFBC}") = "SQLcomplianceGUI", "Idera\SQLcompliance\Application\GUI\SQLcomplianceGUI.csproj", "{0577A985-D053-461F-9752-B6FEB2167191}"
	ProjectSection(ProjectDependencies) = postProject
		{AEED7E07-280D-4C04-9536-557A84F65B3E} = {AEED7E07-280D-4C04-9536-557A84F65B3E}
	EndProjectSection
EndProject
Project("{FAE04EC0-301F-11D3-BF4B-00C04F79EFBC}") = "SQLcomplianceCore", "Idera\SQLcompliance\Core\SQLcomplianceCore.csproj", "{AEED7E07-280D-4C04-9536-557A84F65B3E}"
EndProject
Project("{FAE04EC0-301F-11D3-BF4B-00C04F79EFBC}") = "SQLcomplianceCollectionService", "Idera\SQLcompliance\CollectionService\SQLcomplianceCollectionService.csproj", "{5C6A4562-4EC6-4EA5-86F9-CCB95B1802A1}"
	ProjectSection(ProjectDependencies) = postProject
		{AEED7E07-280D-4C04-9536-557A84F65B3E} = {AEED7E07-280D-4C04-9536-557A84F65B3E}
	EndProjectSection
EndProject
Project("{FAE04EC0-301F-11D3-BF4B-00C04F79EFBC}") = "SQLcomplianceAgent", "Idera\SQLcompliance\AgentService\SQLcomplianceAgent.csproj", "{AD9F8E79-551F-4E36-8AEF-F842E326D5F3}"
EndProject
Project("{FAE04EC0-301F-11D3-BF4B-00C04F79EFBC}") = "SQLcomplianceCmd", "Idera\SQLcompliance\Application\CLI\SQLcomplianceCmd.csproj", "{78F4E90E-C89D-4EB1-BE8F-9D9723893582}"
EndProject
Project("{FAE04EC0-301F-11D3-BF4B-00C04F79EFBC}") = "AgentTester", "Idera\SQLcompliance\Test\AgentService\AgentTester.csproj", "{C8E54F9C-3207-4417-86CF-86B150F9107D}"
EndProject
Project("{FAE04EC0-301F-11D3-BF4B-00C04F79EFBC}") = "CollectorServerTest", "Idera\SQLcompliance\Test\CollectionService\CollectorServerTest.csproj", "{4EB7E87D-042F-45BC-BF57-923EFA5B091F}"
EndProject
Project("{FAE04EC0-301F-11D3-BF4B-00C04F79EFBC}") = "SQLcomplianceTriggerCore", "Idera\SQLcompliance\TriggerCore\SQLcomplianceTriggerCore.csproj", "{E48EFD50-E2FE-44A6-9188-CA233D7C10EA}"
EndProject
Project("{FAE04EC0-301F-11D3-BF4B-00C04F79EFBC}") = "SQLcomplianceCwfAddin", "SQLcomplianceCwfAddin\SQLcomplianceCwfAddin.csproj", "{6065875C-FF47-4325-876D-50C34A4345FA}"
EndProject
Project("{FAE04EC0-301F-11D3-BF4B-00C04F79EFBC}") = "UnitTest", "UnitTest\UnitTest.csproj", "{7346BC59-D78F-45AE-9356-84073B736C1D}"
EndProject
Project("{FAE04EC0-301F-11D3-BF4B-00C04F79EFBC}") = "CwfAddinInstaller", "CwfAddinInstaller\CwfAddinInstaller.csproj", "{97603F6B-E074-4027-8D3C-BB6969D073A6}"
EndProject
Project("{FAE04EC0-301F-11D3-BF4B-00C04F79EFBC}") = "SQLcomplianceInstallerCustomAction", "SQLcomplianceInstallerCustomAction\SQLcomplianceInstallerCustomAction.csproj", "{AA621B12-D109-4AE9-8BEE-F574E0EF59AD}"
EndProject
Project("{FAE04EC0-301F-11D3-BF4B-00C04F79EFBC}") = "SQLcomplianceRegistrationService", "SQLcomplianceRegistrationService\SQLcomplianceRegistrationService\SQLcomplianceRegistrationService.csproj", "{EA1CB72F-4FEE-4AB2-A88A-A722851D0566}"
EndProject
Project("{FAE04EC0-301F-11D3-BF4B-00C04F79EFBC}") = "SQLcomplianceIndexUpgrade", "SQLcomplianceIndexUpgrade\SQLcomplianceIndexUpgrade.csproj", "{954471D5-F992-46B0-94CF-56409CBC0AA8}"
EndProject
Project("{FAE04EC0-301F-11D3-BF4B-00C04F79EFBC}") = "SQLcomplianceAlertsService", "SQLComplianceAlertsService\SQLcomplianceAlertsService.csproj", "{56913F3C-C950-4F20-907C-4F8F66F934F8}"
EndProject
Global
	GlobalSection(SolutionConfigurationPlatforms) = preSolution
		Debug|Any CPU = Debug|Any CPU
		Debug|Itanium = Debug|Itanium
		Debug|Mixed Platforms = Debug|Mixed Platforms
		Debug|Win32 = Debug|Win32
		Debug|x64 = Debug|x64
		Debug|x86 = Debug|x86
		Release|Any CPU = Release|Any CPU
		Release|Itanium = Release|Itanium
		Release|Mixed Platforms = Release|Mixed Platforms
		Release|Win32 = Release|Win32
		Release|x64 = Release|x64
		Release|x86 = Release|x86
	EndGlobalSection
	GlobalSection(ProjectConfigurationPlatforms) = postSolution
		{0577A985-D053-461F-9752-B6FEB2167191}.Debug|Any CPU.ActiveCfg = Debug|Any CPU
		{0577A985-D053-461F-9752-B6FEB2167191}.Debug|Any CPU.Build.0 = Debug|Any CPU
		{0577A985-D053-461F-9752-B6FEB2167191}.Debug|Itanium.ActiveCfg = Debug|Itanium
		{0577A985-D053-461F-9752-B6FEB2167191}.Debug|Itanium.Build.0 = Debug|Itanium
		{0577A985-D053-461F-9752-B6FEB2167191}.Debug|Mixed Platforms.ActiveCfg = Debug|Any CPU
		{0577A985-D053-461F-9752-B6FEB2167191}.Debug|Mixed Platforms.Build.0 = Debug|Any CPU
		{0577A985-D053-461F-9752-B6FEB2167191}.Debug|Win32.ActiveCfg = Debug|Any CPU
		{0577A985-D053-461F-9752-B6FEB2167191}.Debug|x64.ActiveCfg = Debug|x64
		{0577A985-D053-461F-9752-B6FEB2167191}.Debug|x64.Build.0 = Debug|x64
		{0577A985-D053-461F-9752-B6FEB2167191}.Debug|x86.ActiveCfg = Debug|x86
		{0577A985-D053-461F-9752-B6FEB2167191}.Debug|x86.Build.0 = Debug|x86
		{0577A985-D053-461F-9752-B6FEB2167191}.Release|Any CPU.ActiveCfg = Release|Any CPU
		{0577A985-D053-461F-9752-B6FEB2167191}.Release|Any CPU.Build.0 = Release|Any CPU
		{0577A985-D053-461F-9752-B6FEB2167191}.Release|Itanium.ActiveCfg = Release|Itanium
		{0577A985-D053-461F-9752-B6FEB2167191}.Release|Itanium.Build.0 = Release|Itanium
		{0577A985-D053-461F-9752-B6FEB2167191}.Release|Mixed Platforms.ActiveCfg = Release|Any CPU
		{0577A985-D053-461F-9752-B6FEB2167191}.Release|Mixed Platforms.Build.0 = Release|Any CPU
		{0577A985-D053-461F-9752-B6FEB2167191}.Release|Win32.ActiveCfg = Release|Any CPU
		{0577A985-D053-461F-9752-B6FEB2167191}.Release|x64.ActiveCfg = Release|x64
		{0577A985-D053-461F-9752-B6FEB2167191}.Release|x64.Build.0 = Release|x64
		{0577A985-D053-461F-9752-B6FEB2167191}.Release|x86.ActiveCfg = Release|x86
		{0577A985-D053-461F-9752-B6FEB2167191}.Release|x86.Build.0 = Release|x86
		{AEED7E07-280D-4C04-9536-557A84F65B3E}.Debug|Any CPU.ActiveCfg = Debug|Any CPU
		{AEED7E07-280D-4C04-9536-557A84F65B3E}.Debug|Any CPU.Build.0 = Debug|Any CPU
		{AEED7E07-280D-4C04-9536-557A84F65B3E}.Debug|Itanium.ActiveCfg = Debug|Itanium
		{AEED7E07-280D-4C04-9536-557A84F65B3E}.Debug|Itanium.Build.0 = Debug|Itanium
		{AEED7E07-280D-4C04-9536-557A84F65B3E}.Debug|Mixed Platforms.ActiveCfg = Debug|Any CPU
		{AEED7E07-280D-4C04-9536-557A84F65B3E}.Debug|Mixed Platforms.Build.0 = Debug|Any CPU
		{AEED7E07-280D-4C04-9536-557A84F65B3E}.Debug|Win32.ActiveCfg = Debug|Any CPU
		{AEED7E07-280D-4C04-9536-557A84F65B3E}.Debug|x64.ActiveCfg = Debug|x64
		{AEED7E07-280D-4C04-9536-557A84F65B3E}.Debug|x64.Build.0 = Debug|x64
		{AEED7E07-280D-4C04-9536-557A84F65B3E}.Debug|x86.ActiveCfg = Debug|x86
		{AEED7E07-280D-4C04-9536-557A84F65B3E}.Debug|x86.Build.0 = Debug|x86
		{AEED7E07-280D-4C04-9536-557A84F65B3E}.Release|Any CPU.ActiveCfg = Release|Any CPU
		{AEED7E07-280D-4C04-9536-557A84F65B3E}.Release|Any CPU.Build.0 = Release|Any CPU
		{AEED7E07-280D-4C04-9536-557A84F65B3E}.Release|Itanium.ActiveCfg = Release|Itanium
		{AEED7E07-280D-4C04-9536-557A84F65B3E}.Release|Itanium.Build.0 = Release|Itanium
		{AEED7E07-280D-4C04-9536-557A84F65B3E}.Release|Mixed Platforms.ActiveCfg = Release|Any CPU
		{AEED7E07-280D-4C04-9536-557A84F65B3E}.Release|Mixed Platforms.Build.0 = Release|Any CPU
		{AEED7E07-280D-4C04-9536-557A84F65B3E}.Release|Win32.ActiveCfg = Release|Any CPU
		{AEED7E07-280D-4C04-9536-557A84F65B3E}.Release|x64.ActiveCfg = Release|x64
		{AEED7E07-280D-4C04-9536-557A84F65B3E}.Release|x64.Build.0 = Release|x64
		{AEED7E07-280D-4C04-9536-557A84F65B3E}.Release|x86.ActiveCfg = Release|x86
		{AEED7E07-280D-4C04-9536-557A84F65B3E}.Release|x86.Build.0 = Release|x86
		{5C6A4562-4EC6-4EA5-86F9-CCB95B1802A1}.Debug|Any CPU.ActiveCfg = Debug|Any CPU
		{5C6A4562-4EC6-4EA5-86F9-CCB95B1802A1}.Debug|Any CPU.Build.0 = Debug|Any CPU
		{5C6A4562-4EC6-4EA5-86F9-CCB95B1802A1}.Debug|Itanium.ActiveCfg = Debug|Itanium
		{5C6A4562-4EC6-4EA5-86F9-CCB95B1802A1}.Debug|Itanium.Build.0 = Debug|Itanium
		{5C6A4562-4EC6-4EA5-86F9-CCB95B1802A1}.Debug|Mixed Platforms.ActiveCfg = Debug|Any CPU
		{5C6A4562-4EC6-4EA5-86F9-CCB95B1802A1}.Debug|Mixed Platforms.Build.0 = Debug|Any CPU
		{5C6A4562-4EC6-4EA5-86F9-CCB95B1802A1}.Debug|Win32.ActiveCfg = Debug|Any CPU
		{5C6A4562-4EC6-4EA5-86F9-CCB95B1802A1}.Debug|x64.ActiveCfg = Debug|x64
		{5C6A4562-4EC6-4EA5-86F9-CCB95B1802A1}.Debug|x64.Build.0 = Debug|x64
		{5C6A4562-4EC6-4EA5-86F9-CCB95B1802A1}.Debug|x86.ActiveCfg = Debug|x86
		{5C6A4562-4EC6-4EA5-86F9-CCB95B1802A1}.Debug|x86.Build.0 = Debug|x86
		{5C6A4562-4EC6-4EA5-86F9-CCB95B1802A1}.Release|Any CPU.ActiveCfg = Release|Any CPU
		{5C6A4562-4EC6-4EA5-86F9-CCB95B1802A1}.Release|Any CPU.Build.0 = Release|Any CPU
		{5C6A4562-4EC6-4EA5-86F9-CCB95B1802A1}.Release|Itanium.ActiveCfg = Release|Itanium
		{5C6A4562-4EC6-4EA5-86F9-CCB95B1802A1}.Release|Itanium.Build.0 = Release|Itanium
		{5C6A4562-4EC6-4EA5-86F9-CCB95B1802A1}.Release|Mixed Platforms.ActiveCfg = Release|Any CPU
		{5C6A4562-4EC6-4EA5-86F9-CCB95B1802A1}.Release|Mixed Platforms.Build.0 = Release|Any CPU
		{5C6A4562-4EC6-4EA5-86F9-CCB95B1802A1}.Release|Win32.ActiveCfg = Release|Any CPU
		{5C6A4562-4EC6-4EA5-86F9-CCB95B1802A1}.Release|x64.ActiveCfg = Release|x64
		{5C6A4562-4EC6-4EA5-86F9-CCB95B1802A1}.Release|x64.Build.0 = Release|x64
		{5C6A4562-4EC6-4EA5-86F9-CCB95B1802A1}.Release|x86.ActiveCfg = Release|x86
		{5C6A4562-4EC6-4EA5-86F9-CCB95B1802A1}.Release|x86.Build.0 = Release|x86
		{AD9F8E79-551F-4E36-8AEF-F842E326D5F3}.Debug|Any CPU.ActiveCfg = Debug|Any CPU
		{AD9F8E79-551F-4E36-8AEF-F842E326D5F3}.Debug|Any CPU.Build.0 = Debug|Any CPU
		{AD9F8E79-551F-4E36-8AEF-F842E326D5F3}.Debug|Itanium.ActiveCfg = Debug|Itanium
		{AD9F8E79-551F-4E36-8AEF-F842E326D5F3}.Debug|Itanium.Build.0 = Debug|Itanium
		{AD9F8E79-551F-4E36-8AEF-F842E326D5F3}.Debug|Mixed Platforms.ActiveCfg = Debug|Any CPU
		{AD9F8E79-551F-4E36-8AEF-F842E326D5F3}.Debug|Mixed Platforms.Build.0 = Debug|Any CPU
		{AD9F8E79-551F-4E36-8AEF-F842E326D5F3}.Debug|Win32.ActiveCfg = Debug|Any CPU
		{AD9F8E79-551F-4E36-8AEF-F842E326D5F3}.Debug|x64.ActiveCfg = Debug|x64
		{AD9F8E79-551F-4E36-8AEF-F842E326D5F3}.Debug|x64.Build.0 = Debug|x64
		{AD9F8E79-551F-4E36-8AEF-F842E326D5F3}.Debug|x86.ActiveCfg = Debug|x86
		{AD9F8E79-551F-4E36-8AEF-F842E326D5F3}.Debug|x86.Build.0 = Debug|x86
		{AD9F8E79-551F-4E36-8AEF-F842E326D5F3}.Release|Any CPU.ActiveCfg = Release|Any CPU
		{AD9F8E79-551F-4E36-8AEF-F842E326D5F3}.Release|Any CPU.Build.0 = Release|Any CPU
		{AD9F8E79-551F-4E36-8AEF-F842E326D5F3}.Release|Itanium.ActiveCfg = Release|Itanium
		{AD9F8E79-551F-4E36-8AEF-F842E326D5F3}.Release|Itanium.Build.0 = Release|Itanium
		{AD9F8E79-551F-4E36-8AEF-F842E326D5F3}.Release|Mixed Platforms.ActiveCfg = Release|Any CPU
		{AD9F8E79-551F-4E36-8AEF-F842E326D5F3}.Release|Mixed Platforms.Build.0 = Release|Any CPU
		{AD9F8E79-551F-4E36-8AEF-F842E326D5F3}.Release|Win32.ActiveCfg = Release|Any CPU
		{AD9F8E79-551F-4E36-8AEF-F842E326D5F3}.Release|x64.ActiveCfg = Release|x64
		{AD9F8E79-551F-4E36-8AEF-F842E326D5F3}.Release|x64.Build.0 = Release|x64
		{AD9F8E79-551F-4E36-8AEF-F842E326D5F3}.Release|x86.ActiveCfg = Release|x86
		{AD9F8E79-551F-4E36-8AEF-F842E326D5F3}.Release|x86.Build.0 = Release|x86
		{78F4E90E-C89D-4EB1-BE8F-9D9723893582}.Debug|Any CPU.ActiveCfg = Debug|Any CPU
		{78F4E90E-C89D-4EB1-BE8F-9D9723893582}.Debug|Any CPU.Build.0 = Debug|Any CPU
		{78F4E90E-C89D-4EB1-BE8F-9D9723893582}.Debug|Itanium.ActiveCfg = Debug|Itanium
		{78F4E90E-C89D-4EB1-BE8F-9D9723893582}.Debug|Itanium.Build.0 = Debug|Itanium
		{78F4E90E-C89D-4EB1-BE8F-9D9723893582}.Debug|Mixed Platforms.ActiveCfg = Debug|Any CPU
		{78F4E90E-C89D-4EB1-BE8F-9D9723893582}.Debug|Mixed Platforms.Build.0 = Debug|Any CPU
		{78F4E90E-C89D-4EB1-BE8F-9D9723893582}.Debug|Win32.ActiveCfg = Debug|Any CPU
		{78F4E90E-C89D-4EB1-BE8F-9D9723893582}.Debug|x64.ActiveCfg = Debug|x64
		{78F4E90E-C89D-4EB1-BE8F-9D9723893582}.Debug|x64.Build.0 = Debug|x64
		{78F4E90E-C89D-4EB1-BE8F-9D9723893582}.Debug|x86.ActiveCfg = Debug|x86
		{78F4E90E-C89D-4EB1-BE8F-9D9723893582}.Debug|x86.Build.0 = Debug|x86
		{78F4E90E-C89D-4EB1-BE8F-9D9723893582}.Release|Any CPU.ActiveCfg = Release|Any CPU
		{78F4E90E-C89D-4EB1-BE8F-9D9723893582}.Release|Any CPU.Build.0 = Release|Any CPU
		{78F4E90E-C89D-4EB1-BE8F-9D9723893582}.Release|Itanium.ActiveCfg = Release|Itanium
		{78F4E90E-C89D-4EB1-BE8F-9D9723893582}.Release|Itanium.Build.0 = Release|Itanium
		{78F4E90E-C89D-4EB1-BE8F-9D9723893582}.Release|Mixed Platforms.ActiveCfg = Release|Any CPU
		{78F4E90E-C89D-4EB1-BE8F-9D9723893582}.Release|Mixed Platforms.Build.0 = Release|Any CPU
		{78F4E90E-C89D-4EB1-BE8F-9D9723893582}.Release|Win32.ActiveCfg = Release|Any CPU
		{78F4E90E-C89D-4EB1-BE8F-9D9723893582}.Release|x64.ActiveCfg = Release|x64
		{78F4E90E-C89D-4EB1-BE8F-9D9723893582}.Release|x64.Build.0 = Release|x64
		{78F4E90E-C89D-4EB1-BE8F-9D9723893582}.Release|x86.ActiveCfg = Release|x86
		{78F4E90E-C89D-4EB1-BE8F-9D9723893582}.Release|x86.Build.0 = Release|x86
		{C8E54F9C-3207-4417-86CF-86B150F9107D}.Debug|Any CPU.ActiveCfg = Debug|Any CPU
		{C8E54F9C-3207-4417-86CF-86B150F9107D}.Debug|Any CPU.Build.0 = Debug|Any CPU
		{C8E54F9C-3207-4417-86CF-86B150F9107D}.Debug|Itanium.ActiveCfg = Debug|Itanium
		{C8E54F9C-3207-4417-86CF-86B150F9107D}.Debug|Itanium.Build.0 = Debug|Itanium
		{C8E54F9C-3207-4417-86CF-86B150F9107D}.Debug|Mixed Platforms.ActiveCfg = Debug|Any CPU
		{C8E54F9C-3207-4417-86CF-86B150F9107D}.Debug|Mixed Platforms.Build.0 = Debug|Any CPU
		{C8E54F9C-3207-4417-86CF-86B150F9107D}.Debug|Win32.ActiveCfg = Debug|Any CPU
		{C8E54F9C-3207-4417-86CF-86B150F9107D}.Debug|x64.ActiveCfg = Debug|x64
		{C8E54F9C-3207-4417-86CF-86B150F9107D}.Debug|x64.Build.0 = Debug|x64
		{C8E54F9C-3207-4417-86CF-86B150F9107D}.Debug|x86.ActiveCfg = Debug|x86
		{C8E54F9C-3207-4417-86CF-86B150F9107D}.Debug|x86.Build.0 = Debug|x86
		{C8E54F9C-3207-4417-86CF-86B150F9107D}.Release|Any CPU.ActiveCfg = Release|Any CPU
		{C8E54F9C-3207-4417-86CF-86B150F9107D}.Release|Any CPU.Build.0 = Release|Any CPU
		{C8E54F9C-3207-4417-86CF-86B150F9107D}.Release|Itanium.ActiveCfg = Release|Itanium
		{C8E54F9C-3207-4417-86CF-86B150F9107D}.Release|Itanium.Build.0 = Release|Itanium
		{C8E54F9C-3207-4417-86CF-86B150F9107D}.Release|Mixed Platforms.ActiveCfg = Release|Any CPU
		{C8E54F9C-3207-4417-86CF-86B150F9107D}.Release|Mixed Platforms.Build.0 = Release|Any CPU
		{C8E54F9C-3207-4417-86CF-86B150F9107D}.Release|Win32.ActiveCfg = Release|Any CPU
		{C8E54F9C-3207-4417-86CF-86B150F9107D}.Release|x64.ActiveCfg = Release|x64
		{C8E54F9C-3207-4417-86CF-86B150F9107D}.Release|x64.Build.0 = Release|x64
		{C8E54F9C-3207-4417-86CF-86B150F9107D}.Release|x86.ActiveCfg = Release|x86
		{C8E54F9C-3207-4417-86CF-86B150F9107D}.Release|x86.Build.0 = Release|x86
		{4EB7E87D-042F-45BC-BF57-923EFA5B091F}.Debug|Any CPU.ActiveCfg = Debug|Any CPU
		{4EB7E87D-042F-45BC-BF57-923EFA5B091F}.Debug|Any CPU.Build.0 = Debug|Any CPU
		{4EB7E87D-042F-45BC-BF57-923EFA5B091F}.Debug|Itanium.ActiveCfg = Debug|Itanium
		{4EB7E87D-042F-45BC-BF57-923EFA5B091F}.Debug|Itanium.Build.0 = Debug|Itanium
		{4EB7E87D-042F-45BC-BF57-923EFA5B091F}.Debug|Mixed Platforms.ActiveCfg = Debug|Any CPU
		{4EB7E87D-042F-45BC-BF57-923EFA5B091F}.Debug|Mixed Platforms.Build.0 = Debug|Any CPU
		{4EB7E87D-042F-45BC-BF57-923EFA5B091F}.Debug|Win32.ActiveCfg = Debug|Any CPU
		{4EB7E87D-042F-45BC-BF57-923EFA5B091F}.Debug|x64.ActiveCfg = Debug|x64
		{4EB7E87D-042F-45BC-BF57-923EFA5B091F}.Debug|x64.Build.0 = Debug|x64
		{4EB7E87D-042F-45BC-BF57-923EFA5B091F}.Debug|x86.ActiveCfg = Debug|x86
		{4EB7E87D-042F-45BC-BF57-923EFA5B091F}.Debug|x86.Build.0 = Debug|x86
		{4EB7E87D-042F-45BC-BF57-923EFA5B091F}.Release|Any CPU.ActiveCfg = Release|Any CPU
		{4EB7E87D-042F-45BC-BF57-923EFA5B091F}.Release|Any CPU.Build.0 = Release|Any CPU
		{4EB7E87D-042F-45BC-BF57-923EFA5B091F}.Release|Itanium.ActiveCfg = Release|Itanium
		{4EB7E87D-042F-45BC-BF57-923EFA5B091F}.Release|Itanium.Build.0 = Release|Itanium
		{4EB7E87D-042F-45BC-BF57-923EFA5B091F}.Release|Mixed Platforms.ActiveCfg = Release|Any CPU
		{4EB7E87D-042F-45BC-BF57-923EFA5B091F}.Release|Mixed Platforms.Build.0 = Release|Any CPU
		{4EB7E87D-042F-45BC-BF57-923EFA5B091F}.Release|Win32.ActiveCfg = Release|Any CPU
		{4EB7E87D-042F-45BC-BF57-923EFA5B091F}.Release|x64.ActiveCfg = Release|x64
		{4EB7E87D-042F-45BC-BF57-923EFA5B091F}.Release|x64.Build.0 = Release|x64
		{4EB7E87D-042F-45BC-BF57-923EFA5B091F}.Release|x86.ActiveCfg = Release|x86
		{4EB7E87D-042F-45BC-BF57-923EFA5B091F}.Release|x86.Build.0 = Release|x86
		{E48EFD50-E2FE-44A6-9188-CA233D7C10EA}.Debug|Any CPU.ActiveCfg = Debug|Any CPU
		{E48EFD50-E2FE-44A6-9188-CA233D7C10EA}.Debug|Any CPU.Build.0 = Debug|Any CPU
		{E48EFD50-E2FE-44A6-9188-CA233D7C10EA}.Debug|Itanium.ActiveCfg = Debug|Any CPU
		{E48EFD50-E2FE-44A6-9188-CA233D7C10EA}.Debug|Mixed Platforms.ActiveCfg = Debug|Any CPU
		{E48EFD50-E2FE-44A6-9188-CA233D7C10EA}.Debug|Mixed Platforms.Build.0 = Debug|Any CPU
		{E48EFD50-E2FE-44A6-9188-CA233D7C10EA}.Debug|Win32.ActiveCfg = Debug|Any CPU
		{E48EFD50-E2FE-44A6-9188-CA233D7C10EA}.Debug|x64.ActiveCfg = Debug|Any CPU
		{E48EFD50-E2FE-44A6-9188-CA233D7C10EA}.Debug|x64.Build.0 = Debug|Any CPU
		{E48EFD50-E2FE-44A6-9188-CA233D7C10EA}.Debug|x86.ActiveCfg = Debug|x86
		{E48EFD50-E2FE-44A6-9188-CA233D7C10EA}.Debug|x86.Build.0 = Debug|x86
		{E48EFD50-E2FE-44A6-9188-CA233D7C10EA}.Release|Any CPU.ActiveCfg = Release|Any CPU
		{E48EFD50-E2FE-44A6-9188-CA233D7C10EA}.Release|Any CPU.Build.0 = Release|Any CPU
		{E48EFD50-E2FE-44A6-9188-CA233D7C10EA}.Release|Itanium.ActiveCfg = Release|Any CPU
		{E48EFD50-E2FE-44A6-9188-CA233D7C10EA}.Release|Mixed Platforms.ActiveCfg = Release|Any CPU
		{E48EFD50-E2FE-44A6-9188-CA233D7C10EA}.Release|Mixed Platforms.Build.0 = Release|Any CPU
		{E48EFD50-E2FE-44A6-9188-CA233D7C10EA}.Release|Win32.ActiveCfg = Release|Any CPU
		{E48EFD50-E2FE-44A6-9188-CA233D7C10EA}.Release|x64.ActiveCfg = Release|Any CPU
		{E48EFD50-E2FE-44A6-9188-CA233D7C10EA}.Release|x64.Build.0 = Release|Any CPU
		{E48EFD50-E2FE-44A6-9188-CA233D7C10EA}.Release|x86.ActiveCfg = Release|x86
		{E48EFD50-E2FE-44A6-9188-CA233D7C10EA}.Release|x86.Build.0 = Release|x86
		{6065875C-FF47-4325-876D-50C34A4345FA}.Debug|Any CPU.ActiveCfg = Debug|Any CPU
		{6065875C-FF47-4325-876D-50C34A4345FA}.Debug|Any CPU.Build.0 = Debug|Any CPU
		{6065875C-FF47-4325-876D-50C34A4345FA}.Debug|Itanium.ActiveCfg = Debug|Any CPU
		{6065875C-FF47-4325-876D-50C34A4345FA}.Debug|Mixed Platforms.ActiveCfg = Debug|Any CPU
		{6065875C-FF47-4325-876D-50C34A4345FA}.Debug|Mixed Platforms.Build.0 = Debug|Any CPU
		{6065875C-FF47-4325-876D-50C34A4345FA}.Debug|Win32.ActiveCfg = Debug|Any CPU
		{6065875C-FF47-4325-876D-50C34A4345FA}.Debug|x64.ActiveCfg = Debug|Any CPU
		{6065875C-FF47-4325-876D-50C34A4345FA}.Debug|x64.Build.0 = Debug|Any CPU
		{6065875C-FF47-4325-876D-50C34A4345FA}.Debug|x86.ActiveCfg = Debug|Any CPU
		{6065875C-FF47-4325-876D-50C34A4345FA}.Debug|x86.Build.0 = Debug|Any CPU
		{6065875C-FF47-4325-876D-50C34A4345FA}.Release|Any CPU.ActiveCfg = Release|Any CPU
		{6065875C-FF47-4325-876D-50C34A4345FA}.Release|Any CPU.Build.0 = Release|Any CPU
		{6065875C-FF47-4325-876D-50C34A4345FA}.Release|Itanium.ActiveCfg = Release|Any CPU
		{6065875C-FF47-4325-876D-50C34A4345FA}.Release|Mixed Platforms.ActiveCfg = Release|Any CPU
		{6065875C-FF47-4325-876D-50C34A4345FA}.Release|Mixed Platforms.Build.0 = Release|Any CPU
		{6065875C-FF47-4325-876D-50C34A4345FA}.Release|Win32.ActiveCfg = Release|Any CPU
		{6065875C-FF47-4325-876D-50C34A4345FA}.Release|x64.ActiveCfg = Release|Any CPU
		{6065875C-FF47-4325-876D-50C34A4345FA}.Release|x64.Build.0 = Release|Any CPU
		{6065875C-FF47-4325-876D-50C34A4345FA}.Release|x86.ActiveCfg = Release|Any CPU
		{6065875C-FF47-4325-876D-50C34A4345FA}.Release|x86.Build.0 = Release|Any CPU
		{7346BC59-D78F-45AE-9356-84073B736C1D}.Debug|Any CPU.ActiveCfg = Debug|Any CPU
		{7346BC59-D78F-45AE-9356-84073B736C1D}.Debug|Any CPU.Build.0 = Debug|Any CPU
		{7346BC59-D78F-45AE-9356-84073B736C1D}.Debug|Itanium.ActiveCfg = Debug|Any CPU
		{7346BC59-D78F-45AE-9356-84073B736C1D}.Debug|Mixed Platforms.ActiveCfg = Debug|Any CPU
		{7346BC59-D78F-45AE-9356-84073B736C1D}.Debug|Mixed Platforms.Build.0 = Debug|Any CPU
		{7346BC59-D78F-45AE-9356-84073B736C1D}.Debug|Win32.ActiveCfg = Debug|Any CPU
		{7346BC59-D78F-45AE-9356-84073B736C1D}.Debug|x64.ActiveCfg = Debug|Any CPU
		{7346BC59-D78F-45AE-9356-84073B736C1D}.Debug|x86.ActiveCfg = Debug|Any CPU
		{7346BC59-D78F-45AE-9356-84073B736C1D}.Debug|x86.Build.0 = Debug|Any CPU
		{7346BC59-D78F-45AE-9356-84073B736C1D}.Release|Any CPU.ActiveCfg = Release|Any CPU
		{7346BC59-D78F-45AE-9356-84073B736C1D}.Release|Any CPU.Build.0 = Release|Any CPU
		{7346BC59-D78F-45AE-9356-84073B736C1D}.Release|Itanium.ActiveCfg = Release|Any CPU
		{7346BC59-D78F-45AE-9356-84073B736C1D}.Release|Mixed Platforms.ActiveCfg = Release|Any CPU
		{7346BC59-D78F-45AE-9356-84073B736C1D}.Release|Mixed Platforms.Build.0 = Release|Any CPU
		{7346BC59-D78F-45AE-9356-84073B736C1D}.Release|Win32.ActiveCfg = Release|Any CPU
		{7346BC59-D78F-45AE-9356-84073B736C1D}.Release|x64.ActiveCfg = Release|Any CPU
		{7346BC59-D78F-45AE-9356-84073B736C1D}.Release|x86.ActiveCfg = Release|Any CPU
		{97603F6B-E074-4027-8D3C-BB6969D073A6}.Debug|Any CPU.ActiveCfg = Debug|Any CPU
		{97603F6B-E074-4027-8D3C-BB6969D073A6}.Debug|Any CPU.Build.0 = Debug|Any CPU
		{97603F6B-E074-4027-8D3C-BB6969D073A6}.Debug|Itanium.ActiveCfg = Debug|Any CPU
		{97603F6B-E074-4027-8D3C-BB6969D073A6}.Debug|Mixed Platforms.ActiveCfg = Debug|Any CPU
		{97603F6B-E074-4027-8D3C-BB6969D073A6}.Debug|Mixed Platforms.Build.0 = Debug|Any CPU
		{97603F6B-E074-4027-8D3C-BB6969D073A6}.Debug|Win32.ActiveCfg = Debug|Any CPU
		{97603F6B-E074-4027-8D3C-BB6969D073A6}.Debug|x64.ActiveCfg = Debug|Any CPU
		{97603F6B-E074-4027-8D3C-BB6969D073A6}.Debug|x64.Build.0 = Debug|Any CPU
		{97603F6B-E074-4027-8D3C-BB6969D073A6}.Debug|x86.ActiveCfg = Debug|Any CPU
		{97603F6B-E074-4027-8D3C-BB6969D073A6}.Debug|x86.Build.0 = Debug|Any CPU
		{97603F6B-E074-4027-8D3C-BB6969D073A6}.Release|Any CPU.ActiveCfg = Release|Any CPU
		{97603F6B-E074-4027-8D3C-BB6969D073A6}.Release|Any CPU.Build.0 = Release|Any CPU
		{97603F6B-E074-4027-8D3C-BB6969D073A6}.Release|Itanium.ActiveCfg = Release|Any CPU
		{97603F6B-E074-4027-8D3C-BB6969D073A6}.Release|Mixed Platforms.ActiveCfg = Release|Any CPU
		{97603F6B-E074-4027-8D3C-BB6969D073A6}.Release|Mixed Platforms.Build.0 = Release|Any CPU
		{97603F6B-E074-4027-8D3C-BB6969D073A6}.Release|Win32.ActiveCfg = Release|Any CPU
		{97603F6B-E074-4027-8D3C-BB6969D073A6}.Release|x64.ActiveCfg = Release|Any CPU
		{97603F6B-E074-4027-8D3C-BB6969D073A6}.Release|x64.Build.0 = Release|Any CPU
		{97603F6B-E074-4027-8D3C-BB6969D073A6}.Release|x86.ActiveCfg = Release|Any CPU
		{97603F6B-E074-4027-8D3C-BB6969D073A6}.Release|x86.Build.0 = Release|Any CPU
		{AA621B12-D109-4AE9-8BEE-F574E0EF59AD}.Debug|Any CPU.ActiveCfg = Debug|x86
		{AA621B12-D109-4AE9-8BEE-F574E0EF59AD}.Debug|Itanium.ActiveCfg = Debug|x86
		{AA621B12-D109-4AE9-8BEE-F574E0EF59AD}.Debug|Mixed Platforms.ActiveCfg = Debug|x86
		{AA621B12-D109-4AE9-8BEE-F574E0EF59AD}.Debug|Mixed Platforms.Build.0 = Debug|x86
		{AA621B12-D109-4AE9-8BEE-F574E0EF59AD}.Debug|Win32.ActiveCfg = Debug|x86
		{AA621B12-D109-4AE9-8BEE-F574E0EF59AD}.Debug|Win32.Build.0 = Debug|x86
		{AA621B12-D109-4AE9-8BEE-F574E0EF59AD}.Debug|x64.ActiveCfg = Debug|x86
		{AA621B12-D109-4AE9-8BEE-F574E0EF59AD}.Debug|x86.ActiveCfg = Debug|x86
		{AA621B12-D109-4AE9-8BEE-F574E0EF59AD}.Debug|x86.Build.0 = Debug|x86
		{AA621B12-D109-4AE9-8BEE-F574E0EF59AD}.Release|Any CPU.ActiveCfg = Release|x86
		{AA621B12-D109-4AE9-8BEE-F574E0EF59AD}.Release|Any CPU.Build.0 = Release|x86
		{AA621B12-D109-4AE9-8BEE-F574E0EF59AD}.Release|Itanium.ActiveCfg = Release|x86
		{AA621B12-D109-4AE9-8BEE-F574E0EF59AD}.Release|Mixed Platforms.ActiveCfg = Release|x86
		{AA621B12-D109-4AE9-8BEE-F574E0EF59AD}.Release|Mixed Platforms.Build.0 = Release|x86
		{AA621B12-D109-4AE9-8BEE-F574E0EF59AD}.Release|Win32.ActiveCfg = Release|x86
		{AA621B12-D109-4AE9-8BEE-F574E0EF59AD}.Release|Win32.Build.0 = Release|x86
		{AA621B12-D109-4AE9-8BEE-F574E0EF59AD}.Release|x64.ActiveCfg = Release|x86
		{AA621B12-D109-4AE9-8BEE-F574E0EF59AD}.Release|x64.Build.0 = Release|x86
		{AA621B12-D109-4AE9-8BEE-F574E0EF59AD}.Release|x86.ActiveCfg = Release|x86
		{AA621B12-D109-4AE9-8BEE-F574E0EF59AD}.Release|x86.Build.0 = Release|x86
		{EA1CB72F-4FEE-4AB2-A88A-A722851D0566}.Debug|Any CPU.ActiveCfg = Debug|Any CPU
		{EA1CB72F-4FEE-4AB2-A88A-A722851D0566}.Debug|Any CPU.Build.0 = Debug|Any CPU
		{EA1CB72F-4FEE-4AB2-A88A-A722851D0566}.Debug|Itanium.ActiveCfg = Debug|Any CPU
		{EA1CB72F-4FEE-4AB2-A88A-A722851D0566}.Debug|Mixed Platforms.ActiveCfg = Debug|Any CPU
		{EA1CB72F-4FEE-4AB2-A88A-A722851D0566}.Debug|Mixed Platforms.Build.0 = Debug|Any CPU
		{EA1CB72F-4FEE-4AB2-A88A-A722851D0566}.Debug|Win32.ActiveCfg = Debug|Any CPU
		{EA1CB72F-4FEE-4AB2-A88A-A722851D0566}.Debug|x64.ActiveCfg = Debug|Any CPU
		{EA1CB72F-4FEE-4AB2-A88A-A722851D0566}.Debug|x86.ActiveCfg = Debug|Any CPU
		{EA1CB72F-4FEE-4AB2-A88A-A722851D0566}.Release|Any CPU.ActiveCfg = Release|Any CPU
		{EA1CB72F-4FEE-4AB2-A88A-A722851D0566}.Release|Any CPU.Build.0 = Release|Any CPU
		{EA1CB72F-4FEE-4AB2-A88A-A722851D0566}.Release|Itanium.ActiveCfg = Release|Any CPU
		{EA1CB72F-4FEE-4AB2-A88A-A722851D0566}.Release|Mixed Platforms.ActiveCfg = Release|Any CPU
		{EA1CB72F-4FEE-4AB2-A88A-A722851D0566}.Release|Mixed Platforms.Build.0 = Release|Any CPU
		{EA1CB72F-4FEE-4AB2-A88A-A722851D0566}.Release|Win32.ActiveCfg = Release|Any CPU
		{EA1CB72F-4FEE-4AB2-A88A-A722851D0566}.Release|x64.ActiveCfg = Release|Any CPU
		{EA1CB72F-4FEE-4AB2-A88A-A722851D0566}.Release|x86.ActiveCfg = Release|Any CPU
		{954471D5-F992-46B0-94CF-56409CBC0AA8}.Debug|Any CPU.ActiveCfg = Debug|Any CPU
		{954471D5-F992-46B0-94CF-56409CBC0AA8}.Debug|Any CPU.Build.0 = Debug|Any CPU
		{954471D5-F992-46B0-94CF-56409CBC0AA8}.Debug|Itanium.ActiveCfg = Debug|Any CPU
		{954471D5-F992-46B0-94CF-56409CBC0AA8}.Debug|Itanium.Build.0 = Debug|Any CPU
		{954471D5-F992-46B0-94CF-56409CBC0AA8}.Debug|Mixed Platforms.ActiveCfg = Debug|Any CPU
		{954471D5-F992-46B0-94CF-56409CBC0AA8}.Debug|Mixed Platforms.Build.0 = Debug|Any CPU
		{954471D5-F992-46B0-94CF-56409CBC0AA8}.Debug|Win32.ActiveCfg = Debug|Any CPU
		{954471D5-F992-46B0-94CF-56409CBC0AA8}.Debug|Win32.Build.0 = Debug|Any CPU
		{954471D5-F992-46B0-94CF-56409CBC0AA8}.Debug|x64.ActiveCfg = Debug|Any CPU
		{954471D5-F992-46B0-94CF-56409CBC0AA8}.Debug|x64.Build.0 = Debug|Any CPU
		{954471D5-F992-46B0-94CF-56409CBC0AA8}.Debug|x86.ActiveCfg = Debug|Any CPU
		{954471D5-F992-46B0-94CF-56409CBC0AA8}.Debug|x86.Build.0 = Debug|Any CPU
		{954471D5-F992-46B0-94CF-56409CBC0AA8}.Release|Any CPU.ActiveCfg = Release|Any CPU
		{954471D5-F992-46B0-94CF-56409CBC0AA8}.Release|Any CPU.Build.0 = Release|Any CPU
		{954471D5-F992-46B0-94CF-56409CBC0AA8}.Release|Itanium.ActiveCfg = Release|Any CPU
		{954471D5-F992-46B0-94CF-56409CBC0AA8}.Release|Itanium.Build.0 = Release|Any CPU
		{954471D5-F992-46B0-94CF-56409CBC0AA8}.Release|Mixed Platforms.ActiveCfg = Release|Any CPU
		{954471D5-F992-46B0-94CF-56409CBC0AA8}.Release|Mixed Platforms.Build.0 = Release|Any CPU
		{954471D5-F992-46B0-94CF-56409CBC0AA8}.Release|Win32.ActiveCfg = Release|Any CPU
		{954471D5-F992-46B0-94CF-56409CBC0AA8}.Release|Win32.Build.0 = Release|Any CPU
		{954471D5-F992-46B0-94CF-56409CBC0AA8}.Release|x64.ActiveCfg = Release|Any CPU
		{954471D5-F992-46B0-94CF-56409CBC0AA8}.Release|x64.Build.0 = Release|Any CPU
		{954471D5-F992-46B0-94CF-56409CBC0AA8}.Release|x86.ActiveCfg = Release|Any CPU
		{954471D5-F992-46B0-94CF-56409CBC0AA8}.Release|x86.Build.0 = Release|Any CPU
		{56913F3C-C950-4F20-907C-4F8F66F934F8}.Debug|Any CPU.ActiveCfg = Debug|Any CPU
		{56913F3C-C950-4F20-907C-4F8F66F934F8}.Debug|Any CPU.Build.0 = Debug|Any CPU
		{56913F3C-C950-4F20-907C-4F8F66F934F8}.Debug|Itanium.ActiveCfg = Debug|Any CPU
		{56913F3C-C950-4F20-907C-4F8F66F934F8}.Debug|Itanium.Build.0 = Debug|Any CPU
		{56913F3C-C950-4F20-907C-4F8F66F934F8}.Debug|Mixed Platforms.ActiveCfg = Debug|Any CPU
		{56913F3C-C950-4F20-907C-4F8F66F934F8}.Debug|Mixed Platforms.Build.0 = Debug|Any CPU
		{56913F3C-C950-4F20-907C-4F8F66F934F8}.Debug|Win32.ActiveCfg = Debug|Any CPU
		{56913F3C-C950-4F20-907C-4F8F66F934F8}.Debug|Win32.Build.0 = Debug|Any CPU
		{56913F3C-C950-4F20-907C-4F8F66F934F8}.Debug|x64.ActiveCfg = Debug|Any CPU
		{56913F3C-C950-4F20-907C-4F8F66F934F8}.Debug|x64.Build.0 = Debug|Any CPU
		{56913F3C-C950-4F20-907C-4F8F66F934F8}.Debug|x86.ActiveCfg = Debug|Any CPU
		{56913F3C-C950-4F20-907C-4F8F66F934F8}.Debug|x86.Build.0 = Debug|Any CPU
		{56913F3C-C950-4F20-907C-4F8F66F934F8}.Release|Any CPU.ActiveCfg = Release|Any CPU
		{56913F3C-C950-4F20-907C-4F8F66F934F8}.Release|Any CPU.Build.0 = Release|Any CPU
		{56913F3C-C950-4F20-907C-4F8F66F934F8}.Release|Itanium.ActiveCfg = Release|Any CPU
		{56913F3C-C950-4F20-907C-4F8F66F934F8}.Release|Itanium.Build.0 = Release|Any CPU
		{56913F3C-C950-4F20-907C-4F8F66F934F8}.Release|Mixed Platforms.ActiveCfg = Release|Any CPU
		{56913F3C-C950-4F20-907C-4F8F66F934F8}.Release|Mixed Platforms.Build.0 = Release|Any CPU
		{56913F3C-C950-4F20-907C-4F8F66F934F8}.Release|Win32.ActiveCfg = Release|Any CPU
		{56913F3C-C950-4F20-907C-4F8F66F934F8}.Release|Win32.Build.0 = Release|Any CPU
		{56913F3C-C950-4F20-907C-4F8F66F934F8}.Release|x64.ActiveCfg = Release|Any CPU
		{56913F3C-C950-4F20-907C-4F8F66F934F8}.Release|x64.Build.0 = Release|Any CPU
		{56913F3C-C950-4F20-907C-4F8F66F934F8}.Release|x86.ActiveCfg = Release|Any CPU
		{56913F3C-C950-4F20-907C-4F8F66F934F8}.Release|x86.Build.0 = Release|Any CPU
	EndGlobalSection
	GlobalSection(SolutionProperties) = preSolution
		HideSolutionNode = FALSE
	EndGlobalSection
	GlobalSection(ExtensibilityGlobals) = postSolution
		SolutionGuid = {2653A25F-C354-49F3-BBE7-66E809895198}
	EndGlobalSection
EndGlobal
