Microsoft Visual Studio Solution File, Format Version 9.00
# Visual Studio 2005
Project("{FAE04EC0-301F-11D3-BF4B-00C04F79EFBC}") = "bin2xml", "Idera\SQLcompliance\Utility\bin2xml\bin2xml.csproj", "{43863710-BE41-4BC2-9B07-798365641D85}"
EndProject
Project("{FAE04EC0-301F-11D3-BF4B-00C04F79EFBC}") = "Sed", "Idera\SQLcompliance\Utility\Sed\Sed.csproj", "{EDE5F21A-92BD-4372-9266-CA67DBD19C92}"
EndProject
Project("{FAE04EC0-301F-11D3-BF4B-00C04F79EFBC}") = "TraceManager", "Idera\SQLcompliance\Utility\TraceManager\TraceManager.csproj", "{A930D242-5625-490B-94C8-7BFCACC35682}"
EndProject
Project("{FAE04EC0-301F-11D3-BF4B-00C04F79EFBC}") = "TraceRegister", "Idera\SQLcompliance\Utility\TraceRegister\TraceRegister.csproj", "{D281EAEE-329F-4BFA-B380-CACF86DA6DB5}"
EndProject
Project("{FAE04EC0-301F-11D3-BF4B-00C04F79EFBC}") = "SQLcomplianceCore", "Idera\SQLcompliance\Core\SQLcomplianceCore.csproj", "{AEED7E07-280D-4C04-9536-557A84F65B3E}"
EndProject
Global
	GlobalSection(SolutionConfigurationPlatforms) = preSolution
		Debug|Any CPU = Debug|Any CPU
		Release|Any CPU = Release|Any CPU
	EndGlobalSection
	GlobalSection(ProjectConfigurationPlatforms) = postSolution
		{43863710-BE41-4BC2-9B07-798365641D85}.Debug|Any CPU.ActiveCfg = Debug|Any CPU
		{43863710-BE41-4BC2-9B07-798365641D85}.Debug|Any CPU.Build.0 = Debug|Any CPU
		{43863710-BE41-4BC2-9B07-798365641D85}.Release|Any CPU.ActiveCfg = Release|Any CPU
		{43863710-BE41-4BC2-9B07-798365641D85}.Release|Any CPU.Build.0 = Release|Any CPU
		{EDE5F21A-92BD-4372-9266-CA67DBD19C92}.Debug|Any CPU.ActiveCfg = Debug|Any CPU
		{EDE5F21A-92BD-4372-9266-CA67DBD19C92}.Debug|Any CPU.Build.0 = Debug|Any CPU
		{EDE5F21A-92BD-4372-9266-CA67DBD19C92}.Release|Any CPU.ActiveCfg = Release|Any CPU
		{EDE5F21A-92BD-4372-9266-CA67DBD19C92}.Release|Any CPU.Build.0 = Release|Any CPU
		{A930D242-5625-490B-94C8-7BFCACC35682}.Debug|Any CPU.ActiveCfg = Debug|Any CPU
		{A930D242-5625-490B-94C8-7BFCACC35682}.Debug|Any CPU.Build.0 = Debug|Any CPU
		{A930D242-5625-490B-94C8-7BFCACC35682}.Release|Any CPU.ActiveCfg = Release|Any CPU
		{A930D242-5625-490B-94C8-7BFCACC35682}.Release|Any CPU.Build.0 = Release|Any CPU
		{D281EAEE-329F-4BFA-B380-CACF86DA6DB5}.Debug|Any CPU.ActiveCfg = Debug|Any CPU
		{D281EAEE-329F-4BFA-B380-CACF86DA6DB5}.Debug|Any CPU.Build.0 = Debug|Any CPU
		{D281EAEE-329F-4BFA-B380-CACF86DA6DB5}.Release|Any CPU.ActiveCfg = Release|Any CPU
		{D281EAEE-329F-4BFA-B380-CACF86DA6DB5}.Release|Any CPU.Build.0 = Release|Any CPU
		{AEED7E07-280D-4C04-9536-557A84F65B3E}.Debug|Any CPU.ActiveCfg = Debug|Any CPU
		{AEED7E07-280D-4C04-9536-557A84F65B3E}.Debug|Any CPU.Build.0 = Debug|Any CPU
		{AEED7E07-280D-4C04-9536-557A84F65B3E}.Release|Any CPU.ActiveCfg = Release|Any CPU
		{AEED7E07-280D-4C04-9536-557A84F65B3E}.Release|Any CPU.Build.0 = Release|Any CPU
	EndGlobalSection
	GlobalSection(SolutionProperties) = preSolution
		HideSolutionNode = FALSE
	EndGlobalSection
EndGlobal
